// !$*UTF8*$!
{
	archiveVersion = 1;
	classes = {
	};
	objectVersion = 46;
	objects = {

/* Begin PBXBuildFile section */
		FD8C2FD11E79C889003235EF /* AppDelegate.swift in Sources */ = {isa = PBXBuildFile; fileRef = FD8C2FD01E79C889003235EF /* AppDelegate.swift */; };
		FD8C2FD31E79C889003235EF /* ViewController.swift in Sources */ = {isa = PBXBuildFile; fileRef = FD8C2FD21E79C889003235EF /* ViewController.swift */; };
		FD8C2FD61E79C889003235EF /* Main.storyboard in Resources */ = {isa = PBXBuildFile; fileRef = FD8C2FD41E79C889003235EF /* Main.storyboard */; };
		FD8C2FD81E79C889003235EF /* Assets.xcassets in Resources */ = {isa = PBXBuildFile; fileRef = FD8C2FD71E79C889003235EF /* Assets.xcassets */; };
		FD8C2FDB1E79C889003235EF /* LaunchScreen.storyboard in Resources */ = {isa = PBXBuildFile; fileRef = FD8C2FD91E79C889003235EF /* LaunchScreen.storyboard */; };
		FD8C2FE61E79C889003235EF /* BucketListTests.swift in Sources */ = {isa = PBXBuildFile; fileRef = FD8C2FE51E79C889003235EF /* BucketListTests.swift */; };
		FD8C2FF11E79C889003235EF /* BucketListUITests.swift in Sources */ = {isa = PBXBuildFile; fileRef = FD8C2FF01E79C889003235EF /* BucketListUITests.swift */; };
/* End PBXBuildFile section */

/* Begin PBXContainerItemProxy section */
		FD8C2FE21E79C889003235EF /* PBXContainerItemProxy */ = {
			isa = PBXContainerItemProxy;
			containerPortal = FD8C2FC51E79C888003235EF /* Project object */;
			proxyType = 1;
			remoteGlobalIDString = FD8C2FCC1E79C888003235EF;
			remoteInfo = BucketList;
		};
		FD8C2FED1E79C889003235EF /* PBXContainerItemProxy */ = {
			isa = PBXContainerItemProxy;
			containerPortal = FD8C2FC51E79C888003235EF /* Project object */;
			proxyType = 1;
			remoteGlobalIDString = FD8C2FCC1E79C888003235EF;
			remoteInfo = BucketList;
		};
/* End PBXContainerItemProxy section */

/* Begin PBXFileReference section */
		FD8C2FCD1E79C888003235EF /* BucketList.app */ = {isa = PBXFileReference; explicitFileType = wrapper.application; includeInIndex = 0; path = BucketList.app; sourceTree = BUILT_PRODUCTS_DIR; };
		FD8C2FD01E79C889003235EF /* AppDelegate.swift */ = {isa = PBXFileReference; lastKnownFileType = sourcecode.swift; path = AppDelegate.swift; sourceTree = "<group>"; };
		FD8C2FD21E79C889003235EF /* ViewController.swift */ = {isa = PBXFileReference; lastKnownFileType = sourcecode.swift; path = ViewController.swift; sourceTree = "<group>"; };
		FD8C2FD51E79C889003235EF /* Base */ = {isa = PBXFileReference; lastKnownFileType = file.storyboard; name = Base; path = Base.lproj/Main.storyboard; sourceTree = "<group>"; };
		FD8C2FD71E79C889003235EF /* Assets.xcassets */ = {isa = PBXFileReference; lastKnownFileType = folder.assetcatalog; path = Assets.xcassets; sourceTree = "<group>"; };
		FD8C2FDA1E79C889003235EF /* Base */ = {isa = PBXFileReference; lastKnownFileType = file.storyboard; name = Base; path = Base.lproj/LaunchScreen.storyboard; sourceTree = "<group>"; };
		FD8C2FDC1E79C889003235EF /* Info.plist */ = {isa = PBXFileReference; lastKnownFileType = text.plist.xml; path = Info.plist; sourceTree = "<group>"; };
		FD8C2FE11E79C889003235EF /* BucketListTests.xctest */ = {isa = PBXFileReference; explicitFileType = wrapper.cfbundle; includeInIndex = 0; path = BucketListTests.xctest; sourceTree = BUILT_PRODUCTS_DIR; };
		FD8C2FE51E79C889003235EF /* BucketListTests.swift */ = {isa = PBXFileReference; lastKnownFileType = sourcecode.swift; path = BucketListTests.swift; sourceTree = "<group>"; };
		FD8C2FE71E79C889003235EF /* Info.plist */ = {isa = PBXFileReference; lastKnownFileType = text.plist.xml; path = Info.plist; sourceTree = "<group>"; };
		FD8C2FEC1E79C889003235EF /* BucketListUITests.xctest */ = {isa = PBXFileReference; explicitFileType = wrapper.cfbundle; includeInIndex = 0; path = BucketListUITests.xctest; sourceTree = BUILT_PRODUCTS_DIR; };
		FD8C2FF01E79C889003235EF /* BucketListUITests.swift */ = {isa = PBXFileReference; lastKnownFileType = sourcecode.swift; path = BucketListUITests.swift; sourceTree = "<group>"; };
		FD8C2FF21E79C889003235EF /* Info.plist */ = {isa = PBXFileReference; lastKnownFileType = text.plist.xml; path = Info.plist; sourceTree = "<group>"; };
/* End PBXFileReference section */

/* Begin PBXFrameworksBuildPhase section */
		FD8C2FCA1E79C888003235EF /* Frameworks */ = {
			isa = PBXFrameworksBuildPhase;
			buildActionMask = 2147483647;
			files = (
			);
			runOnlyForDeploymentPostprocessing = 0;
		};
		FD8C2FDE1E79C889003235EF /* Frameworks */ = {
			isa = PBXFrameworksBuildPhase;
			buildActionMask = 2147483647;
			files = (
			);
			runOnlyForDeploymentPostprocessing = 0;
		};
		FD8C2FE91E79C889003235EF /* Frameworks */ = {
			isa = PBXFrameworksBuildPhase;
			buildActionMask = 2147483647;
			files = (
			);
			runOnlyForDeploymentPostprocessing = 0;
		};
/* End PBXFrameworksBuildPhase section */

/* Begin PBXGroup section */
		FD8C2FC41E79C888003235EF = {
			isa = PBXGroup;
			children = (
				FD8C2FCF1E79C888003235EF /* BucketList */,
				FD8C2FE41E79C889003235EF /* BucketListTests */,
				FD8C2FEF1E79C889003235EF /* BucketListUITests */,
				FD8C2FCE1E79C888003235EF /* Products */,
			);
			sourceTree = "<group>";
		};
		FD8C2FCE1E79C888003235EF /* Products */ = {
			isa = PBXGroup;
			children = (
				FD8C2FCD1E79C888003235EF /* BucketList.app */,
				FD8C2FE11E79C889003235EF /* BucketListTests.xctest */,
				FD8C2FEC1E79C889003235EF /* BucketListUITests.xctest */,
			);
			name = Products;
			sourceTree = "<group>";
		};
		FD8C2FCF1E79C888003235EF /* BucketList */ = {
			isa = PBXGroup;
			children = (
				FD8C2FD01E79C889003235EF /* AppDelegate.swift */,
				FD8C2FD21E79C889003235EF /* ViewController.swift */,
				FD8C2FD41E79C889003235EF /* Main.storyboard */,
				FD8C2FD71E79C889003235EF /* Assets.xcassets */,
				FD8C2FD91E79C889003235EF /* LaunchScreen.storyboard */,
				FD8C2FDC1E79C889003235EF /* Info.plist */,
			);
			path = BucketList;
			sourceTree = "<group>";
		};
		FD8C2FE41E79C889003235EF /* BucketListTests */ = {
			isa = PBXGroup;
			children = (
				FD8C2FE51E79C889003235EF /* BucketListTests.swift */,
				FD8C2FE71E79C889003235EF /* Info.plist */,
			);
			path = BucketListTests;
			sourceTree = "<group>";
		};
		FD8C2FEF1E79C889003235EF /* BucketListUITests */ = {
			isa = PBXGroup;
			children = (
				FD8C2FF01E79C889003235EF /* BucketListUITests.swift */,
				FD8C2FF21E79C889003235EF /* Info.plist */,
			);
			path = BucketListUITests;
			sourceTree = "<group>";
		};
/* End PBXGroup section */

/* Begin PBXNativeTarget section */
		FD8C2FCC1E79C888003235EF /* BucketList */ = {
			isa = PBXNativeTarget;
			buildConfigurationList = FD8C2FF51E79C889003235EF /* Build configuration list for PBXNativeTarget "BucketList" */;
			buildPhases = (
				FD8C2FC91E79C888003235EF /* Sources */,
				FD8C2FCA1E79C888003235EF /* Frameworks */,
				FD8C2FCB1E79C888003235EF /* Resources */,
			);
			buildRules = (
			);
			dependencies = (
			);
			name = BucketList;
			productName = BucketList;
			productReference = FD8C2FCD1E79C888003235EF /* BucketList.app */;
			productType = "com.apple.product-type.application";
		};
		FD8C2FE01E79C889003235EF /* BucketListTests */ = {
			isa = PBXNativeTarget;
			buildConfigurationList = FD8C2FF81E79C889003235EF /* Build configuration list for PBXNativeTarget "BucketListTests" */;
			buildPhases = (
				FD8C2FDD1E79C889003235EF /* Sources */,
				FD8C2FDE1E79C889003235EF /* Frameworks */,
				FD8C2FDF1E79C889003235EF /* Resources */,
			);
			buildRules = (
			);
			dependencies = (
				FD8C2FE31E79C889003235EF /* PBXTargetDependency */,
			);
			name = BucketListTests;
			productName = BucketListTests;
			productReference = FD8C2FE11E79C889003235EF /* BucketListTests.xctest */;
			productType = "com.apple.product-type.bundle.unit-test";
		};
		FD8C2FEB1E79C889003235EF /* BucketListUITests */ = {
			isa = PBXNativeTarget;
			buildConfigurationList = FD8C2FFB1E79C889003235EF /* Build configuration list for PBXNativeTarget "BucketListUITests" */;
			buildPhases = (
				FD8C2FE81E79C889003235EF /* Sources */,
				FD8C2FE91E79C889003235EF /* Frameworks */,
				FD8C2FEA1E79C889003235EF /* Resources */,
			);
			buildRules = (
			);
			dependencies = (
				FD8C2FEE1E79C889003235EF /* PBXTargetDependency */,
			);
			name = BucketListUITests;
			productName = BucketListUITests;
			productReference = FD8C2FEC1E79C889003235EF /* BucketListUITests.xctest */;
			productType = "com.apple.product-type.bundle.ui-testing";
		};
/* End PBXNativeTarget section */

/* Begin PBXProject section */
		FD8C2FC51E79C888003235EF /* Project object */ = {
			isa = PBXProject;
			attributes = {
				LastSwiftUpdateCheck = 0820;
				LastUpgradeCheck = 0820;
				ORGANIZATIONNAME = "Sarah Fogarty";
				TargetAttributes = {
					FD8C2FCC1E79C888003235EF = {
						CreatedOnToolsVersion = 8.2.1;
						DevelopmentTeam = 3SR5NL5Q9L;
						ProvisioningStyle = Automatic;
					};
					FD8C2FE01E79C889003235EF = {
						CreatedOnToolsVersion = 8.2.1;
						DevelopmentTeam = 3SR5NL5Q9L;
						ProvisioningStyle = Automatic;
						TestTargetID = FD8C2FCC1E79C888003235EF;
					};
					FD8C2FEB1E79C889003235EF = {
						CreatedOnToolsVersion = 8.2.1;
						DevelopmentTeam = 3SR5NL5Q9L;
						ProvisioningStyle = Automatic;
						TestTargetID = FD8C2FCC1E79C888003235EF;
					};
				};
			};
			buildConfigurationList = FD8C2FC81E79C888003235EF /* Build configuration list for PBXProject "BucketList" */;
			compatibilityVersion = "Xcode 3.2";
			developmentRegion = English;
			hasScannedForEncodings = 0;
			knownRegions = (
				en,
				Base,
			);
			mainGroup = FD8C2FC41E79C888003235EF;
			productRefGroup = FD8C2FCE1E79C888003235EF /* Products */;
			projectDirPath = "";
			projectRoot = "";
			targets = (
				FD8C2FCC1E79C888003235EF /* BucketList */,
				FD8C2FE01E79C889003235EF /* BucketListTests */,
				FD8C2FEB1E79C889003235EF /* BucketListUITests */,
			);
		};
/* End PBXProject section */

/* Begin PBXResourcesBuildPhase section */
		FD8C2FCB1E79C888003235EF /* Resources */ = {
			isa = PBXResourcesBuildPhase;
			buildActionMask = 2147483647;
			files = (
				FD8C2FDB1E79C889003235EF /* LaunchScreen.storyboard in Resources */,
				FD8C2FD81E79C889003235EF /* Assets.xcassets in Resources */,
				FD8C2FD61E79C889003235EF /* Main.storyboard in Resources */,
			);
			runOnlyForDeploymentPostprocessing = 0;
		};
		FD8C2FDF1E79C889003235EF /* Resources */ = {
			isa = PBXResourcesBuildPhase;
			buildActionMask = 2147483647;
			files = (
			);
			runOnlyForDeploymentPostprocessing = 0;
		};
		FD8C2FEA1E79C889003235EF /* Resources */ = {
			isa = PBXResourcesBuildPhase;
			buildActionMask = 2147483647;
			files = (
			);
			runOnlyForDeploymentPostprocessing = 0;
		};
/* End PBXResourcesBuildPhase section */

/* Begin PBXSourcesBuildPhase section */
		FD8C2FC91E79C888003235EF /* Sources */ = {
			isa = PBXSourcesBuildPhase;
			buildActionMask = 2147483647;
			files = (
				FD8C2FD31E79C889003235EF /* ViewController.swift in Sources */,
				FD8C2FD11E79C889003235EF /* AppDelegate.swift in Sources */,
			);
			runOnlyForDeploymentPostprocessing = 0;
		};
		FD8C2FDD1E79C889003235EF /* Sources */ = {
			isa = PBXSourcesBuildPhase;
			buildActionMask = 2147483647;
			files = (
				FD8C2FE61E79C889003235EF /* BucketListTests.swift in Sources */,
			);
			runOnlyForDeploymentPostprocessing = 0;
		};
		FD8C2FE81E79C889003235EF /* Sources */ = {
			isa = PBXSourcesBuildPhase;
			buildActionMask = 2147483647;
			files = (
				FD8C2FF11E79C889003235EF /* BucketListUITests.swift in Sources */,
			);
			runOnlyForDeploymentPostprocessing = 0;
		};
/* End PBXSourcesBuildPhase section */

/* Begin PBXTargetDependency section */
		FD8C2FE31E79C889003235EF /* PBXTargetDependency */ = {
			isa = PBXTargetDependency;
			target = FD8C2FCC1E79C888003235EF /* BucketList */;
			targetProxy = FD8C2FE21E79C889003235EF /* PBXContainerItemProxy */;
		};
		FD8C2FEE1E79C889003235EF /* PBXTargetDependency */ = {
			isa = PBXTargetDependency;
			target = FD8C2FCC1E79C888003235EF /* BucketList */;
			targetProxy = FD8C2FED1E79C889003235EF /* PBXContainerItemProxy */;
		};
/* End PBXTargetDependency section */

/* Begin PBXVariantGroup section */
		FD8C2FD41E79C889003235EF /* Main.storyboard */ = {
			isa = PBXVariantGroup;
			children = (
				FD8C2FD51E79C889003235EF /* Base */,
			);
			name = Main.storyboard;
			sourceTree = "<group>";
		};
		FD8C2FD91E79C889003235EF /* LaunchScreen.storyboard */ = {
			isa = PBXVariantGroup;
			children = (
				FD8C2FDA1E79C889003235EF /* Base */,
			);
			name = LaunchScreen.storyboard;
			sourceTree = "<group>";
		};
/* End PBXVariantGroup section */

/* Begin XCBuildConfiguration section */
		FD8C2FF31E79C889003235EF /* Debug */ = {
			isa = XCBuildConfiguration;
			buildSettings = {
				ALWAYS_SEARCH_USER_PATHS = NO;
				CLANG_ANALYZER_NONNULL = YES;
				CLANG_CXX_LANGUAGE_STANDARD = "gnu++0x";
				CLANG_CXX_LIBRARY = "libc++";
				CLANG_ENABLE_MODULES = YES;
				CLANG_ENABLE_OBJC_ARC = YES;
				CLANG_WARN_BOOL_CONVERSION = YES;
				CLANG_WARN_CONSTANT_CONVERSION = YES;
				CLANG_WARN_DIRECT_OBJC_ISA_USAGE = YES_ERROR;
				CLANG_WARN_DOCUMENTATION_COMMENTS = YES;
				CLANG_WARN_EMPTY_BODY = YES;
				CLANG_WARN_ENUM_CONVERSION = YES;
				CLANG_WARN_INFINITE_RECURSION = YES;
				CLANG_WARN_INT_CONVERSION = YES;
				CLANG_WARN_OBJC_ROOT_CLASS = YES_ERROR;
				CLANG_WARN_SUSPICIOUS_MOVE = YES;
				CLANG_WARN_UNREACHABLE_CODE = YES;
				CLANG_WARN__DUPLICATE_METHOD_MATCH = YES;
				"CODE_SIGN_IDENTITY[sdk=iphoneos*]" = "iPhone Developer";
				COPY_PHASE_STRIP = NO;
				DEBUG_INFORMATION_FORMAT = dwarf;
				ENABLE_STRICT_OBJC_MSGSEND = YES;
				ENABLE_TESTABILITY = YES;
				GCC_C_LANGUAGE_STANDARD = gnu99;
				GCC_DYNAMIC_NO_PIC = NO;
				GCC_NO_COMMON_BLOCKS = YES;
				GCC_OPTIMIZATION_LEVEL = 0;
				GCC_PREPROCESSOR_DEFINITIONS = (
					"DEBUG=1",
					"$(inherited)",
				);
				GCC_WARN_64_TO_32_BIT_CONVERSION = YES;
				GCC_WARN_ABOUT_RETURN_TYPE = YES_ERROR;
				GCC_WARN_UNDECLARED_SELECTOR = YES;
				GCC_WARN_UNINITIALIZED_AUTOS = YES_AGGRESSIVE;
				GCC_WARN_UNUSED_FUNCTION = YES;
				GCC_WARN_UNUSED_VARIABLE = YES;
				IPHONEOS_DEPLOYMENT_TARGET = 10.2;
				MTL_ENABLE_DEBUG_INFO = YES;
				ONLY_ACTIVE_ARCH = YES;
				SDKROOT = iphoneos;
				SWIFT_ACTIVE_COMPILATION_CONDITIONS = DEBUG;
				SWIFT_OPTIMIZATION_LEVEL = "-Onone";
				TARGETED_DEVICE_FAMILY = "1,2";
			};
			name = Debug;
		};
		FD8C2FF41E79C889003235EF /* Release */ = {
			isa = XCBuildConfiguration;
			buildSettings = {
				ALWAYS_SEARCH_USER_PATHS = NO;
				CLANG_ANALYZER_NONNULL = YES;
				CLANG_CXX_LANGUAGE_STANDARD = "gnu++0x";
				CLANG_CXX_LIBRARY = "libc++";
				CLANG_ENABLE_MODULES = YES;
				CLANG_ENABLE_OBJC_ARC = YES;
				CLANG_WARN_BOOL_CONVERSION = YES;
				CLANG_WARN_CONSTANT_CONVERSION = YES;
				CLANG_WARN_DIRECT_OBJC_ISA_USAGE = YES_ERROR;
				CLANG_WARN_DOCUMENTATION_COMMENTS = YES;
				CLANG_WARN_EMPTY_BODY = YES;
				CLANG_WARN_ENUM_CONVERSION = YES;
				CLANG_WARN_INFINITE_RECURSION = YES;
				CLANG_WARN_INT_CONVERSION = YES;
				CLANG_WARN_OBJC_ROOT_CLASS = YES_ERROR;
				CLANG_WARN_SUSPICIOUS_MOVE = YES;
				CLANG_WARN_UNREACHABLE_CODE = YES;
				CLANG_WARN__DUPLICATE_METHOD_MATCH = YES;
				"CODE_SIGN_IDENTITY[sdk=iphoneos*]" = "iPhone Developer";
				COPY_PHASE_STRIP = NO;
				DEBUG_INFORMATION_FORMAT = "dwarf-with-dsym";
				ENABLE_NS_ASSERTIONS = NO;
				ENABLE_STRICT_OBJC_MSGSEND = YES;
				GCC_C_LANGUAGE_STANDARD = gnu99;
				GCC_NO_COMMON_BLOCKS = YES;
				GCC_WARN_64_TO_32_BIT_CONVERSION = YES;
				GCC_WARN_ABOUT_RETURN_TYPE = YES_ERROR;
				GCC_WARN_UNDECLARED_SELECTOR = YES;
				GCC_WARN_UNINITIALIZED_AUTOS = YES_AGGRESSIVE;
				GCC_WARN_UNUSED_FUNCTION = YES;
				GCC_WARN_UNUSED_VARIABLE = YES;
				IPHONEOS_DEPLOYMENT_TARGET = 10.2;
				MTL_ENABLE_DEBUG_INFO = NO;
				SDKROOT = iphoneos;
				SWIFT_OPTIMIZATION_LEVEL = "-Owholemodule";
				TARGETED_DEVICE_FAMILY = "1,2";
				VALIDATE_PRODUCT = YES;
			};
			name = Release;
		};
		FD8C2FF61E79C889003235EF /* Debug */ = {
			isa = XCBuildConfiguration;
			buildSettings = {
				ASSETCATALOG_COMPILER_APPICON_NAME = AppIcon;
				DEVELOPMENT_TEAM = 3SR5NL5Q9L;
				INFOPLIST_FILE = BucketList/Info.plist;
				LD_RUNPATH_SEARCH_PATHS = "$(inherited) @executable_path/Frameworks";
				PRODUCT_BUNDLE_IDENTIFIER = com.sarahfogarty.BucketList;
				PRODUCT_NAME = "$(TARGET_NAME)";
				SWIFT_VERSION = 3.0;
			};
			name = Debug;
		};
		FD8C2FF71E79C889003235EF /* Release */ = {
			isa = XCBuildConfiguration;
			buildSettings = {
				ASSETCATALOG_COMPILER_APPICON_NAME = AppIcon;
				DEVELOPMENT_TEAM = 3SR5NL5Q9L;
				INFOPLIST_FILE = BucketList/Info.plist;
				LD_RUNPATH_SEARCH_PATHS = "$(inherited) @executable_path/Frameworks";
				PRODUCT_BUNDLE_IDENTIFIER = com.sarahfogarty.BucketList;
				PRODUCT_NAME = "$(TARGET_NAME)";
				SWIFT_VERSION = 3.0;
			};
			name = Release;
		};
		FD8C2FF91E79C889003235EF /* Debug */ = {
			isa = XCBuildConfiguration;
			buildSettings = {
				ALWAYS_EMBED_SWIFT_STANDARD_LIBRARIES = YES;
				BUNDLE_LOADER = "$(TEST_HOST)";
				DEVELOPMENT_TEAM = 3SR5NL5Q9L;
				INFOPLIST_FILE = BucketListTests/Info.plist;
				LD_RUNPATH_SEARCH_PATHS = "$(inherited) @executable_path/Frameworks @loader_path/Frameworks";
				PRODUCT_BUNDLE_IDENTIFIER = com.sarahfogarty.BucketListTests;
				PRODUCT_NAME = "$(TARGET_NAME)";
				SWIFT_VERSION = 3.0;
				TEST_HOST = "$(BUILT_PRODUCTS_DIR)/BucketList.app/BucketList";
			};
			name = Debug;
		};
		FD8C2FFA1E79C889003235EF /* Release */ = {
			isa = XCBuildConfiguration;
			buildSettings = {
				ALWAYS_EMBED_SWIFT_STANDARD_LIBRARIES = YES;
				BUNDLE_LOADER = "$(TEST_HOST)";
				DEVELOPMENT_TEAM = 3SR5NL5Q9L;
				INFOPLIST_FILE = BucketListTests/Info.plist;
				LD_RUNPATH_SEARCH_PATHS = "$(inherited) @executable_path/Frameworks @loader_path/Frameworks";
				PRODUCT_BUNDLE_IDENTIFIER = com.sarahfogarty.BucketListTests;
				PRODUCT_NAME = "$(TARGET_NAME)";
				SWIFT_VERSION = 3.0;
				TEST_HOST = "$(BUILT_PRODUCTS_DIR)/BucketList.app/BucketList";
			};
			name = Release;
		};
		FD8C2FFC1E79C889003235EF /* Debug */ = {
			isa = XCBuildConfiguration;
			buildSettings = {
				ALWAYS_EMBED_SWIFT_STANDARD_LIBRARIES = YES;
				DEVELOPMENT_TEAM = 3SR5NL5Q9L;
				INFOPLIST_FILE = BucketListUITests/Info.plist;
				LD_RUNPATH_SEARCH_PATHS = "$(inherited) @executable_path/Frameworks @loader_path/Frameworks";
				PRODUCT_BUNDLE_IDENTIFIER = com.sarahfogarty.BucketListUITests;
				PRODUCT_NAME = "$(TARGET_NAME)";
				SWIFT_VERSION = 3.0;
				TEST_TARGET_NAME = BucketList;
			};
			name = Debug;
		};
		FD8C2FFD1E79C889003235EF /* Release */ = {
			isa = XCBuildConfiguration;
			buildSettings = {
				ALWAYS_EMBED_SWIFT_STANDARD_LIBRARIES = YES;
				DEVELOPMENT_TEAM = 3SR5NL5Q9L;
				INFOPLIST_FILE = BucketListUITests/Info.plist;
				LD_RUNPATH_SEARCH_PATHS = "$(inherited) @executable_path/Frameworks @loader_path/Frameworks";
				PRODUCT_BUNDLE_IDENTIFIER = com.sarahfogarty.BucketListUITests;
				PRODUCT_NAME = "$(TARGET_NAME)";
				SWIFT_VERSION = 3.0;
				TEST_TARGET_NAME = BucketList;
			};
			name = Release;
		};
/* End XCBuildConfiguration section */

/* Begin XCConfigurationList section */
		FD8C2FC81E79C888003235EF /* Build configuration list for PBXProject "BucketList" */ = {
			isa = XCConfigurationList;
			buildConfigurations = (
				FD8C2FF31E79C889003235EF /* Debug */,
				FD8C2FF41E79C889003235EF /* Release */,
			);
			defaultConfigurationIsVisible = 0;
			defaultConfigurationName = Release;
		};
		FD8C2FF51E79C889003235EF /* Build configuration list for PBXNativeTarget "BucketList" */ = {
			isa = XCConfigurationList;
			buildConfigurations = (
				FD8C2FF61E79C889003235EF /* Debug */,
				FD8C2FF71E79C889003235EF /* Release */,
			);
			defaultConfigurationIsVisible = 0;
		};
		FD8C2FF81E79C889003235EF /* Build configuration list for PBXNativeTarget "BucketListTests" */ = {
			isa = XCConfigurationList;
			buildConfigurations = (
				FD8C2FF91E79C889003235EF /* Debug */,
				FD8C2FFA1E79C889003235EF /* Release */,
			);
			defaultConfigurationIsVisible = 0;
		};
		FD8C2FFB1E79C889003235EF /* Build configuration list for PBXNativeTarget "BucketListUITests" */ = {
			isa = XCConfigurationList;
			buildConfigurations = (
				FD8C2FFC1E79C889003235EF /* Debug */,
				FD8C2FFD1E79C889003235EF /* Release */,
			);
			defaultConfigurationIsVisible = 0;
		};
/* End XCConfigurationList section */
	};
	rootObject = FD8C2FC51E79C888003235EF /* Project object */;
}
